
Microsoft Visual Studio Solution File, Format Version 12.00
# Visual Studio Version 17
VisualStudioVersion = 17.5.002.0
MinimumVisualStudioVersion = 10.0.40219.1
Project("{9A19103F-16F7-4668-BE54-9A1E7A4F7556}") = "BeadApp", "BeadApp.csproj", "{B6E43044-C360-47FF-AEDC-14E446A2DD9A}"
EndProject
Global
	GlobalSection(SolutionConfigurationPlatforms) = preSolution
		Debug|Any CPU = Debug|Any CPU
		Release|Any CPU = Release|Any CPU
	EndGlobalSection
	GlobalSection(ProjectConfigurationPlatforms) = postSolution
		{B6E43044-C360-47FF-AEDC-14E446A2DD9A}.Debug|Any CPU.ActiveCfg = Debug|Any CPU
		{B6E43044-C360-47FF-AEDC-14E446A2DD9A}.Debug|Any CPU.Build.0 = Debug|Any CPU
		{B6E43044-C360-47FF-AEDC-14E446A2DD9A}.Release|Any CPU.ActiveCfg = Release|Any CPU
		{B6E43044-C360-47FF-AEDC-14E446A2DD9A}.Release|Any CPU.Build.0 = Release|Any CPU
	EndGlobalSection
	GlobalSection(SolutionProperties) = preSolution
		HideSolutionNode = FALSE
	EndGlobalSection
	GlobalSection(ExtensibilityGlobals) = postSolution
		SolutionGuid = {9DB8CABA-B27A-499F-AF46-0A3E3D796CDD}
	EndGlobalSection
EndGlobal
